
Microsoft Visual Studio Solution File, Format Version 12.00
# Visual Studio Version 16
VisualStudioVersion = 16.0.29509.3
MinimumVisualStudioVersion = 10.0.40219.1
Project("{8BC9CEB8-8B4A-11D0-8D11-00A0C91BC942}") = "AppXamlDX12", "AppXamlDX12.vcxproj", "{14819985-A01B-4881-83A0-BB61B20D5094}"
EndProject
Global
	GlobalSection(SolutionConfigurationPlatforms) = preSolution
		Debug|ARM = Debug|ARM
		Debug|ARM64 = Debug|ARM64
		Debug|x64 = Debug|x64
		Debug|x86 = Debug|x86
		Release|ARM = Release|ARM
		Release|ARM64 = Release|ARM64
		Release|x64 = Release|x64
		Release|x86 = Release|x86
	EndGlobalSection
	GlobalSection(ProjectConfigurationPlatforms) = postSolution
		{14819985-A01B-4881-83A0-BB61B20D5094}.Debug|ARM.ActiveCfg = Debug|x64
		{14819985-A01B-4881-83A0-BB61B20D5094}.Debug|ARM.Build.0 = Debug|x64
		{14819985-A01B-4881-83A0-BB61B20D5094}.Debug|ARM.Deploy.0 = Debug|x64
		{14819985-A01B-4881-83A0-BB61B20D5094}.Debug|ARM64.ActiveCfg = Debug|ARM64
		{14819985-A01B-4881-83A0-BB61B20D5094}.Debug|ARM64.Build.0 = Debug|ARM64
		{14819985-A01B-4881-83A0-BB61B20D5094}.Debug|ARM64.Deploy.0 = Debug|ARM64
		{14819985-A01B-4881-83A0-BB61B20D5094}.Debug|x64.ActiveCfg = Debug|x64
		{14819985-A01B-4881-83A0-BB61B20D5094}.Debug|x64.Build.0 = Debug|x64
		{14819985-A01B-4881-83A0-BB61B20D5094}.Debug|x64.Deploy.0 = Debug|x64
		{14819985-A01B-4881-83A0-BB61B20D5094}.Debug|x86.ActiveCfg = Debug|Win32
		{14819985-A01B-4881-83A0-BB61B20D5094}.Debug|x86.Build.0 = Debug|Win32
		{14819985-A01B-4881-83A0-BB61B20D5094}.Debug|x86.Deploy.0 = Debug|Win32
		{14819985-A01B-4881-83A0-BB61B20D5094}.Release|ARM.ActiveCfg = Release|ARM
		{14819985-A01B-4881-83A0-BB61B20D5094}.Release|ARM.Build.0 = Release|ARM
		{14819985-A01B-4881-83A0-BB61B20D5094}.Release|ARM.Deploy.0 = Release|ARM
		{14819985-A01B-4881-83A0-BB61B20D5094}.Release|ARM64.ActiveCfg = Release|ARM64
		{14819985-A01B-4881-83A0-BB61B20D5094}.Release|ARM64.Build.0 = Release|ARM64
		{14819985-A01B-4881-83A0-BB61B20D5094}.Release|ARM64.Deploy.0 = Release|ARM64
		{14819985-A01B-4881-83A0-BB61B20D5094}.Release|x64.ActiveCfg = Debug|x64
		{14819985-A01B-4881-83A0-BB61B20D5094}.Release|x64.Build.0 = Debug|x64
		{14819985-A01B-4881-83A0-BB61B20D5094}.Release|x64.Deploy.0 = Debug|x64
		{14819985-A01B-4881-83A0-BB61B20D5094}.Release|x86.ActiveCfg = Release|Win32
		{14819985-A01B-4881-83A0-BB61B20D5094}.Release|x86.Build.0 = Release|Win32
		{14819985-A01B-4881-83A0-BB61B20D5094}.Release|x86.Deploy.0 = Release|Win32
	EndGlobalSection
	GlobalSection(SolutionProperties) = preSolution
		HideSolutionNode = FALSE
	EndGlobalSection
	GlobalSection(ExtensibilityGlobals) = postSolution
		SolutionGuid = {3DD2614B-C79F-4F9A-AC96-1D521EA30E8B}
	EndGlobalSection
EndGlobal
